// !$*UTF8*$!
{
	archiveVersion = 1;
	classes = {
	};
	objectVersion = 46;
	objects = {
/* Begin PBXBuildFile section */
		0207DA581B56EA530066E2B4 /* Images.xcassets in Resources */ = {isa = PBXBuildFile; fileRef = 0207DA571B56EA530066E2B4 /* Images.xcassets */; };
		1D3623260D0F684500981E51 /* AppDelegate.m in Sources */ = {isa = PBXBuildFile; fileRef = 1D3623250D0F684500981E51 /* AppDelegate.m */; };
		1D60589B0D05DD56006BFB54 /* main.m in Sources */ = {isa = PBXBuildFile; fileRef = 29B97316FDCFA39411CA2CEA /* main.m */; };
		301BF552109A68D80062928A /* libCordova.a in Frameworks */ = {isa = PBXBuildFile; fileRef = 301BF535109A57CC0062928A /* libCordova.a */; };
		302D95F114D2391D003F00A1 /* MainViewController.m in Sources */ = {isa = PBXBuildFile; fileRef = 302D95EF14D2391D003F00A1 /* MainViewController.m */; };
		302D95F214D2391D003F00A1 /* MainViewController.xib in Resources */ = {isa = PBXBuildFile; fileRef = 302D95F014D2391D003F00A1 /* MainViewController.xib */; };
		3047A5121AB8059700498E2A /* build-debug.xcconfig in Resources */ = {isa = PBXBuildFile; fileRef = 3047A50F1AB8059700498E2A /* build-debug.xcconfig */; };
		3047A5131AB8059700498E2A /* build-release.xcconfig in Resources */ = {isa = PBXBuildFile; fileRef = 3047A5101AB8059700498E2A /* build-release.xcconfig */; };
		3047A5141AB8059700498E2A /* build.xcconfig in Resources */ = {isa = PBXBuildFile; fileRef = 3047A5111AB8059700498E2A /* build.xcconfig */; };
		6AFF5BF91D6E424B00AB3073 /* CDVLaunchScreen.storyboard in Resources */ = {isa = PBXBuildFile; fileRef = 6AFF5BF81D6E424B00AB3073 /* CDVLaunchScreen.storyboard */; };
		097CEFEBB4B04749919A7035 /* AppDelegate+notification.m in Sources */ = {isa = PBXBuildFile; fileRef = 99E619A1D9D14FB2B8940777 /* AppDelegate+notification.m */; };
		7A61E59065374A569BBD72BF /* PushPlugin.m in Sources */ = {isa = PBXBuildFile; fileRef = 0228ED87790D40A08E73636E /* PushPlugin.m */; };
		8A0B4F3CBC6D4197AD823B8B /* libGGLCloudMessaging.a in Frameworks */ = {isa = PBXBuildFile; fileRef = 6A4A22D060BC4619B7C9D814 /* libGGLCloudMessaging.a */; };
		026CE118E78748448F112F8F /* libGGLCore.a in Frameworks */ = {isa = PBXBuildFile; fileRef = AE2FA4C414C44955BE8C614D /* libGGLCore.a */; };
		BC3ACB84B4624787B06FECF7 /* libGGLInstanceIDLib.a in Frameworks */ = {isa = PBXBuildFile; fileRef = 6FF8A9015D08404096839756 /* libGGLInstanceIDLib.a */; };
		4B7052F4D0174F428B482147 /* libGIP_Reachability.a in Frameworks */ = {isa = PBXBuildFile; fileRef = C0D5E9F8B04D4145B61E1985 /* libGIP_Reachability.a */; };
		97F9E59A503046EDBF477FAB /* libGSDK_Overload.a in Frameworks */ = {isa = PBXBuildFile; fileRef = 3ED69B7A56E84BA7A4B75F7E /* libGSDK_Overload.a */; };
		32B7E91B6C8B495095390135 /* libGTMSessionFetcher_core.a in Frameworks */ = {isa = PBXBuildFile; fileRef = 2C2F09EC907B40F194910193 /* libGTMSessionFetcher_core.a */; };
		033888AE5C944DF2A5063180 /* libGTMSessionFetcher_full.a in Frameworks */ = {isa = PBXBuildFile; fileRef = FE31BEFF026C40CC9D9E4738 /* libGTMSessionFetcher_full.a */; };
		C78CBD80A9804AB8B6A3D903 /* libGTMStackTrace.a in Frameworks */ = {isa = PBXBuildFile; fileRef = 65CE62CF5C3D430588774446 /* libGTMStackTrace.a */; };
		28EE491CC67B48FC985664DF /* libGTM_AddressBook.a in Frameworks */ = {isa = PBXBuildFile; fileRef = 86DF3DE1505F47D5B4F1CA2C /* libGTM_AddressBook.a */; };
		481AE4E6EB5F4A248BC645FE /* libGTM_DebugUtils.a in Frameworks */ = {isa = PBXBuildFile; fileRef = 67FD0AE7272F4C83B89038D0 /* libGTM_DebugUtils.a */; };
		78CD78C76CBB46578E070D69 /* libGTM_GTMURLBuilder.a in Frameworks */ = {isa = PBXBuildFile; fileRef = 5C3476BE3C8940A383FDBD23 /* libGTM_GTMURLBuilder.a */; };
		9E9330158A4F4380BD628AE4 /* libGTM_KVO.a in Frameworks */ = {isa = PBXBuildFile; fileRef = 02BB435935384F44807E7AED /* libGTM_KVO.a */; };
		27891E563CB443A39FDA882A /* libGTM_NSData+zlib.a in Frameworks */ = {isa = PBXBuildFile; fileRef = 05B8E299C37B4534B0535F75 /* libGTM_NSData+zlib.a */; };
		8EC456AD9DE64711B7B162DA /* libGTM_NSDictionary+URLArguments.a in Frameworks */ = {isa = PBXBuildFile; fileRef = EECEAAB633E140DA9D0992DF /* libGTM_NSDictionary+URLArguments.a */; };
		512C7562C2D645BC8CCCC347 /* libGTM_NSScannerJSON.a in Frameworks */ = {isa = PBXBuildFile; fileRef = 2FBD75A3565E4F29AEF7D3B7 /* libGTM_NSScannerJSON.a */; };
		C80C0638784E4D1DB32AF9F5 /* libGTM_NSStringHTML.a in Frameworks */ = {isa = PBXBuildFile; fileRef = CB911F13A08345518D64D881 /* libGTM_NSStringHTML.a */; };
		686C330A30AD4AD4B61B48AC /* libGTM_NSStringXML.a in Frameworks */ = {isa = PBXBuildFile; fileRef = EE690B59535C4A19823BD3C3 /* libGTM_NSStringXML.a */; };
		9ECE83C9D5B8495EAE9EAD60 /* libGTM_Regex.a in Frameworks */ = {isa = PBXBuildFile; fileRef = 7D6D5A782F914E86B267BD75 /* libGTM_Regex.a */; };
		B4AE3AEA3E654A189EE1D90B /* libGTM_RoundedRectPath.a in Frameworks */ = {isa = PBXBuildFile; fileRef = B499C462AC7F492A971348EA /* libGTM_RoundedRectPath.a */; };
		2AC143032C9F4F999A1A1812 /* libGTM_StringEncoding.a in Frameworks */ = {isa = PBXBuildFile; fileRef = 08509DFEC1DD4724A9F5D8C3 /* libGTM_StringEncoding.a */; };
		C3CAF4D9E16B439EAF74E270 /* libGTM_SystemVersion.a in Frameworks */ = {isa = PBXBuildFile; fileRef = 6CC05C8C567E4E0F917EC1F3 /* libGTM_SystemVersion.a */; };
		8427A52D46C54E3AA476EEE2 /* libGTM_UIFont+LineHeight.a in Frameworks */ = {isa = PBXBuildFile; fileRef = 017162D815D04EF8B17BA728 /* libGTM_UIFont+LineHeight.a */; };
		7FADFFDD378A417A8C39DA7F /* libGTM_core.a in Frameworks */ = {isa = PBXBuildFile; fileRef = F5C55C5027E949B581665F51 /* libGTM_core.a */; };
		C32E9594FE0249E7B55FEC18 /* libGTM_iPhone.a in Frameworks */ = {isa = PBXBuildFile; fileRef = 76EF63183DF94DBEB6266790 /* libGTM_iPhone.a */; };
		168CC1CF71C24401BFD3CB64 /* libGcmLib.a in Frameworks */ = {isa = PBXBuildFile; fileRef = BD5631C9062A4482B4F4894B /* libGcmLib.a */; };
		381516B3CF3042889E5AF960 /* libProtocolBuffers.a in Frameworks */ = {isa = PBXBuildFile; fileRef = 90C8EE8E06FF4EC98BC17A5D /* libProtocolBuffers.a */; };
		C17F7C6016A74A6D9DCFB69E /* AddressBook.framework in Frameworks */ = {isa = PBXBuildFile; fileRef = D10863F42EAF4A599F15280A /* AddressBook.framework */; };
		79132BE2B3C646F4B7A8ED82 /* libsqlite3.tbd in Frameworks */ = {isa = PBXBuildFile; fileRef = A84AEC9D2C914CF1902072C6 /* libsqlite3.tbd */; };
		45E104BB3AED4C909A49E92B /* libz.tbd in Frameworks */ = {isa = PBXBuildFile; fileRef = 302572FCEDCE43A9B71D5184 /* libz.tbd */; };
		7DBE521F6A0E42D292670BC5 /* CDVDevice.m in Sources */ = {isa = PBXBuildFile; fileRef = D49D56FEA82C420493A3202B /* CDVDevice.m */; };
		61162BCC3FFC440292C22504 /* CDVNotification.m in Sources */ = {isa = PBXBuildFile; fileRef = 62642076395042219328B553 /* CDVNotification.m */; };
		C44493D7295B483F895023A9 /* CDVNotification.bundle in Resources */ = {isa = PBXBuildFile; fileRef = 78E0796465E84A27916D437D /* CDVNotification.bundle */; };
		A5DE547401B24F769B07A6FF /* AudioToolbox.framework in Frameworks */ = {isa = PBXBuildFile; fileRef = 2E11F769E42346BEBE971115 /* AudioToolbox.framework */; settings = {ATTRIBUTES = (Weak, ); }; };
		6CF504F05EEA4F21BE0CBE1E /* CDVInAppBrowser.m in Sources */ = {isa = PBXBuildFile; fileRef = 546986B908EA40179FE8685E /* CDVInAppBrowser.m */; };
		8F27EF735B4049A299E3423D /* CDVConnection.m in Sources */ = {isa = PBXBuildFile; fileRef = C65B0B8B1774477B8662394F /* CDVConnection.m */; };
		1EEDA11FA62747008DE77DEF /* CDVReachability.m in Sources */ = {isa = PBXBuildFile; fileRef = EE3A5102260B4991B27CCFBA /* CDVReachability.m */; };
		D76DAE0C798D486686A74E3C /* SystemConfiguration.framework in Frameworks */ = {isa = PBXBuildFile; fileRef = B493502976204B6F8D10F76A /* SystemConfiguration.framework */; settings = {ATTRIBUTES = (Weak, ); }; };
		0A103220CF5E463BAEAECB21 /* CoreTelephony.framework in Frameworks */ = {isa = PBXBuildFile; fileRef = 1E4393EB86C043A08BE6E0D9 /* CoreTelephony.framework */; };
		CE428D20C2484D349A0C312E /* CDVStatusBar.m in Sources */ = {isa = PBXBuildFile; fileRef = 1ED33E893BC84FF191545CF3 /* CDVStatusBar.m */; };
		1424E09FD34A4FA9B3781417 /* NSString+SSURLEncoding.m in Sources */ = {isa = PBXBuildFile; fileRef = CBBD078F8A264F5DB01AD035 /* NSString+SSURLEncoding.m */; };
		2E09522F0A6A4DB4A6B707D5 /* SocialSharing.m in Sources */ = {isa = PBXBuildFile; fileRef = E8A06A38145747B387F12AA1 /* SocialSharing.m */; };
		14FFAA505040411B8A25B6BC /* Social.framework in Frameworks */ = {isa = PBXBuildFile; fileRef = C932523C684E43A4A0B80AF2 /* Social.framework */; settings = {ATTRIBUTES = (Weak, ); }; };
		35DD59F9F80E428EBA27B99A /* MessageUI.framework in Frameworks */ = {isa = PBXBuildFile; fileRef = 527B6CD967084CB89A9CF05A /* MessageUI.framework */; settings = {ATTRIBUTES = (Weak, ); }; };
/* End PBXBuildFile section */

/* Begin PBXContainerItemProxy section */
		301BF534109A57CC0062928A /* PBXContainerItemProxy */ = {
			isa = PBXContainerItemProxy;
			containerPortal = 301BF52D109A57CC0062928A /* CordovaLib.xcodeproj */;
			proxyType = 2;
			remoteGlobalIDString = D2AAC07E0554694100DB518D;
			remoteInfo = CordovaLib;
		};
		301BF550109A68C00062928A /* PBXContainerItemProxy */ = {
			isa = PBXContainerItemProxy;
			containerPortal = 301BF52D109A57CC0062928A /* CordovaLib.xcodeproj */;
			proxyType = 1;
			remoteGlobalIDString = D2AAC07D0554694100DB518D;
			remoteInfo = CordovaLib;
		};
/* End PBXContainerItemProxy section */

/* Begin PBXFileReference section */
		0207DA571B56EA530066E2B4 /* Images.xcassets */ = {isa = PBXFileReference; lastKnownFileType = folder.assetcatalog; name = Images.xcassets; path = "F.lli Spina/Images.xcassets"; sourceTree = SOURCE_ROOT; };
		1D3623240D0F684500981E51 /* AppDelegate.h */ = {isa = PBXFileReference; fileEncoding = 4; lastKnownFileType = sourcecode.c.h; path = AppDelegate.h; sourceTree = "<group>"; };
		1D3623250D0F684500981E51 /* AppDelegate.m */ = {isa = PBXFileReference; fileEncoding = 4; lastKnownFileType = sourcecode.c.objc; path = AppDelegate.m; sourceTree = "<group>"; };
		1D6058910D05DD3D006BFB54 /* F.lli Spina.app */ = {isa = PBXFileReference; explicitFileType = wrapper.application; includeInIndex = 0; path = "F.lli Spina.app"; sourceTree = BUILT_PRODUCTS_DIR; };
		29B97316FDCFA39411CA2CEA /* main.m */ = {isa = PBXFileReference; fileEncoding = 4; lastKnownFileType = sourcecode.c.objc; path = main.m; sourceTree = "<group>"; };
		301BF52D109A57CC0062928A /* CordovaLib.xcodeproj */ = {isa = PBXFileReference; lastKnownFileType = "wrapper.pb-project"; name = CordovaLib.xcodeproj; path = CordovaLib/CordovaLib.xcodeproj; sourceTree = "<group>"; };
		301BF56E109A69640062928A /* www */ = {isa = PBXFileReference; lastKnownFileType = folder; path = www; sourceTree = SOURCE_ROOT; };
		302D95EE14D2391D003F00A1 /* MainViewController.h */ = {isa = PBXFileReference; fileEncoding = 4; lastKnownFileType = sourcecode.c.h; path = MainViewController.h; sourceTree = "<group>"; };
		302D95EF14D2391D003F00A1 /* MainViewController.m */ = {isa = PBXFileReference; fileEncoding = 4; lastKnownFileType = sourcecode.c.objc; path = MainViewController.m; sourceTree = "<group>"; };
		302D95F014D2391D003F00A1 /* MainViewController.xib */ = {isa = PBXFileReference; fileEncoding = 4; lastKnownFileType = file.xib; path = MainViewController.xib; sourceTree = "<group>"; };
		3047A50F1AB8059700498E2A /* build-debug.xcconfig */ = {isa = PBXFileReference; fileEncoding = 4; lastKnownFileType = text.xcconfig; name = "build-debug.xcconfig"; path = cordova/build-debug.xcconfig; sourceTree = SOURCE_ROOT; };
		3047A5101AB8059700498E2A /* build-release.xcconfig */ = {isa = PBXFileReference; fileEncoding = 4; lastKnownFileType = text.xcconfig; name = "build-release.xcconfig"; path = cordova/build-release.xcconfig; sourceTree = SOURCE_ROOT; };
		3047A5111AB8059700498E2A /* build.xcconfig */ = {isa = PBXFileReference; fileEncoding = 4; lastKnownFileType = text.xcconfig; name = build.xcconfig; path = cordova/build.xcconfig; sourceTree = SOURCE_ROOT; };
		32CA4F630368D1EE00C91783 /* F.lli Spina-Prefix.pch */ = {isa = PBXFileReference; fileEncoding = 4; lastKnownFileType = sourcecode.c.h; path = "F.lli Spina-Prefix.pch"; sourceTree = "<group>"; };
		6AFF5BF81D6E424B00AB3073 /* CDVLaunchScreen.storyboard */ = {isa = PBXFileReference; fileEncoding = 4; lastKnownFileType = file.storyboard; name = CDVLaunchScreen.storyboard; path = "F.lli Spina/CDVLaunchScreen.storyboard"; sourceTree = SOURCE_ROOT; };
		8D1107310486CEB800E47090 /* F.lli Spina-Info.plist */ = {isa = PBXFileReference; fileEncoding = 4; lastKnownFileType = text.plist.xml; name = "F.lli Spina-Info.plist"; path = "F.lli Spina/F.lli Spina-Info.plist"; plistStructureDefinitionIdentifier = "com.apple.xcode.plist.structure-definition.iphone.info-plist"; sourceTree = SOURCE_ROOT; };
		EB87FDF31871DA8E0020F90C /* www */ = {isa = PBXFileReference; lastKnownFileType = folder; name = www; path = ../../www; sourceTree = "<group>"; };
		EB87FDF41871DAF40020F90C /* config.xml */ = {isa = PBXFileReference; lastKnownFileType = text.xml; name = config.xml; path = ../../config.xml; sourceTree = "<group>"; };
		F840E1F0165FE0F500CFE078 /* config.xml */ = {isa = PBXFileReference; lastKnownFileType = text.xml; name = config.xml; path = "F.lli Spina/config.xml"; sourceTree = "<group>"; };
		ED33DF2A687741AEAF9F8254 /* Bridging-Header.h */ = {isa = PBXFileReference; fileEncoding = 4; lastKnownFileType = sourcecode.c.h; name = "Bridging-Header.h"; path = "Bridging-Header.h"; sourceTree = "<group>"; };
		99E619A1D9D14FB2B8940777 /* AppDelegate+notification.m */ = {isa = PBXFileReference; name = "AppDelegate+notification.m"; path = "phonegap-plugin-push/AppDelegate+notification.m"; sourceTree = "<group>"; fileEncoding = 4; lastKnownFileType = sourcecode.c.objc; explicitFileType = undefined; includeInIndex = 0; };
		0228ED87790D40A08E73636E /* PushPlugin.m */ = {isa = PBXFileReference; name = "PushPlugin.m"; path = "phonegap-plugin-push/PushPlugin.m"; sourceTree = "<group>"; fileEncoding = 4; lastKnownFileType = sourcecode.c.objc; explicitFileType = undefined; includeInIndex = 0; };
		6A4A22D060BC4619B7C9D814 /* libGGLCloudMessaging.a */ = {isa = PBXFileReference; name = "libGGLCloudMessaging.a"; path = "F.lli Spina/Plugins/phonegap-plugin-push/GCM/Libraries/libGGLCloudMessaging.a"; sourceTree = "<group>"; fileEncoding = undefined; lastKnownFileType = archive.ar; explicitFileType = undefined; includeInIndex = 0; };
		AE2FA4C414C44955BE8C614D /* libGGLCore.a */ = {isa = PBXFileReference; name = "libGGLCore.a"; path = "F.lli Spina/Plugins/phonegap-plugin-push/GCM/Libraries/libGGLCore.a"; sourceTree = "<group>"; fileEncoding = undefined; lastKnownFileType = archive.ar; explicitFileType = undefined; includeInIndex = 0; };
		6FF8A9015D08404096839756 /* libGGLInstanceIDLib.a */ = {isa = PBXFileReference; name = "libGGLInstanceIDLib.a"; path = "F.lli Spina/Plugins/phonegap-plugin-push/GCM/Libraries/libGGLInstanceIDLib.a"; sourceTree = "<group>"; fileEncoding = undefined; lastKnownFileType = archive.ar; explicitFileType = undefined; includeInIndex = 0; };
		C0D5E9F8B04D4145B61E1985 /* libGIP_Reachability.a */ = {isa = PBXFileReference; name = "libGIP_Reachability.a"; path = "F.lli Spina/Plugins/phonegap-plugin-push/GCM/Libraries/libGIP_Reachability.a"; sourceTree = "<group>"; fileEncoding = undefined; lastKnownFileType = archive.ar; explicitFileType = undefined; includeInIndex = 0; };
		3ED69B7A56E84BA7A4B75F7E /* libGSDK_Overload.a */ = {isa = PBXFileReference; name = "libGSDK_Overload.a"; path = "F.lli Spina/Plugins/phonegap-plugin-push/GCM/Libraries/libGSDK_Overload.a"; sourceTree = "<group>"; fileEncoding = undefined; lastKnownFileType = archive.ar; explicitFileType = undefined; includeInIndex = 0; };
		2C2F09EC907B40F194910193 /* libGTMSessionFetcher_core.a */ = {isa = PBXFileReference; name = "libGTMSessionFetcher_core.a"; path = "F.lli Spina/Plugins/phonegap-plugin-push/GCM/Libraries/libGTMSessionFetcher_core.a"; sourceTree = "<group>"; fileEncoding = undefined; lastKnownFileType = archive.ar; explicitFileType = undefined; includeInIndex = 0; };
		FE31BEFF026C40CC9D9E4738 /* libGTMSessionFetcher_full.a */ = {isa = PBXFileReference; name = "libGTMSessionFetcher_full.a"; path = "F.lli Spina/Plugins/phonegap-plugin-push/GCM/Libraries/libGTMSessionFetcher_full.a"; sourceTree = "<group>"; fileEncoding = undefined; lastKnownFileType = archive.ar; explicitFileType = undefined; includeInIndex = 0; };
		65CE62CF5C3D430588774446 /* libGTMStackTrace.a */ = {isa = PBXFileReference; name = "libGTMStackTrace.a"; path = "F.lli Spina/Plugins/phonegap-plugin-push/GCM/Libraries/libGTMStackTrace.a"; sourceTree = "<group>"; fileEncoding = undefined; lastKnownFileType = archive.ar; explicitFileType = undefined; includeInIndex = 0; };
		86DF3DE1505F47D5B4F1CA2C /* libGTM_AddressBook.a */ = {isa = PBXFileReference; name = "libGTM_AddressBook.a"; path = "F.lli Spina/Plugins/phonegap-plugin-push/GCM/Libraries/libGTM_AddressBook.a"; sourceTree = "<group>"; fileEncoding = undefined; lastKnownFileType = archive.ar; explicitFileType = undefined; includeInIndex = 0; };
		67FD0AE7272F4C83B89038D0 /* libGTM_DebugUtils.a */ = {isa = PBXFileReference; name = "libGTM_DebugUtils.a"; path = "F.lli Spina/Plugins/phonegap-plugin-push/GCM/Libraries/libGTM_DebugUtils.a"; sourceTree = "<group>"; fileEncoding = undefined; lastKnownFileType = archive.ar; explicitFileType = undefined; includeInIndex = 0; };
		5C3476BE3C8940A383FDBD23 /* libGTM_GTMURLBuilder.a */ = {isa = PBXFileReference; name = "libGTM_GTMURLBuilder.a"; path = "F.lli Spina/Plugins/phonegap-plugin-push/GCM/Libraries/libGTM_GTMURLBuilder.a"; sourceTree = "<group>"; fileEncoding = undefined; lastKnownFileType = archive.ar; explicitFileType = undefined; includeInIndex = 0; };
		02BB435935384F44807E7AED /* libGTM_KVO.a */ = {isa = PBXFileReference; name = "libGTM_KVO.a"; path = "F.lli Spina/Plugins/phonegap-plugin-push/GCM/Libraries/libGTM_KVO.a"; sourceTree = "<group>"; fileEncoding = undefined; lastKnownFileType = archive.ar; explicitFileType = undefined; includeInIndex = 0; };
		05B8E299C37B4534B0535F75 /* libGTM_NSData+zlib.a */ = {isa = PBXFileReference; name = "libGTM_NSData+zlib.a"; path = "F.lli Spina/Plugins/phonegap-plugin-push/GCM/Libraries/libGTM_NSData+zlib.a"; sourceTree = "<group>"; fileEncoding = undefined; lastKnownFileType = archive.ar; explicitFileType = undefined; includeInIndex = 0; };
		EECEAAB633E140DA9D0992DF /* libGTM_NSDictionary+URLArguments.a */ = {isa = PBXFileReference; name = "libGTM_NSDictionary+URLArguments.a"; path = "F.lli Spina/Plugins/phonegap-plugin-push/GCM/Libraries/libGTM_NSDictionary+URLArguments.a"; sourceTree = "<group>"; fileEncoding = undefined; lastKnownFileType = archive.ar; explicitFileType = undefined; includeInIndex = 0; };
		2FBD75A3565E4F29AEF7D3B7 /* libGTM_NSScannerJSON.a */ = {isa = PBXFileReference; name = "libGTM_NSScannerJSON.a"; path = "F.lli Spina/Plugins/phonegap-plugin-push/GCM/Libraries/libGTM_NSScannerJSON.a"; sourceTree = "<group>"; fileEncoding = undefined; lastKnownFileType = archive.ar; explicitFileType = undefined; includeInIndex = 0; };
		CB911F13A08345518D64D881 /* libGTM_NSStringHTML.a */ = {isa = PBXFileReference; name = "libGTM_NSStringHTML.a"; path = "F.lli Spina/Plugins/phonegap-plugin-push/GCM/Libraries/libGTM_NSStringHTML.a"; sourceTree = "<group>"; fileEncoding = undefined; lastKnownFileType = archive.ar; explicitFileType = undefined; includeInIndex = 0; };
		EE690B59535C4A19823BD3C3 /* libGTM_NSStringXML.a */ = {isa = PBXFileReference; name = "libGTM_NSStringXML.a"; path = "F.lli Spina/Plugins/phonegap-plugin-push/GCM/Libraries/libGTM_NSStringXML.a"; sourceTree = "<group>"; fileEncoding = undefined; lastKnownFileType = archive.ar; explicitFileType = undefined; includeInIndex = 0; };
		7D6D5A782F914E86B267BD75 /* libGTM_Regex.a */ = {isa = PBXFileReference; name = "libGTM_Regex.a"; path = "F.lli Spina/Plugins/phonegap-plugin-push/GCM/Libraries/libGTM_Regex.a"; sourceTree = "<group>"; fileEncoding = undefined; lastKnownFileType = archive.ar; explicitFileType = undefined; includeInIndex = 0; };
		B499C462AC7F492A971348EA /* libGTM_RoundedRectPath.a */ = {isa = PBXFileReference; name = "libGTM_RoundedRectPath.a"; path = "F.lli Spina/Plugins/phonegap-plugin-push/GCM/Libraries/libGTM_RoundedRectPath.a"; sourceTree = "<group>"; fileEncoding = undefined; lastKnownFileType = archive.ar; explicitFileType = undefined; includeInIndex = 0; };
		08509DFEC1DD4724A9F5D8C3 /* libGTM_StringEncoding.a */ = {isa = PBXFileReference; name = "libGTM_StringEncoding.a"; path = "F.lli Spina/Plugins/phonegap-plugin-push/GCM/Libraries/libGTM_StringEncoding.a"; sourceTree = "<group>"; fileEncoding = undefined; lastKnownFileType = archive.ar; explicitFileType = undefined; includeInIndex = 0; };
		6CC05C8C567E4E0F917EC1F3 /* libGTM_SystemVersion.a */ = {isa = PBXFileReference; name = "libGTM_SystemVersion.a"; path = "F.lli Spina/Plugins/phonegap-plugin-push/GCM/Libraries/libGTM_SystemVersion.a"; sourceTree = "<group>"; fileEncoding = undefined; lastKnownFileType = archive.ar; explicitFileType = undefined; includeInIndex = 0; };
		017162D815D04EF8B17BA728 /* libGTM_UIFont+LineHeight.a */ = {isa = PBXFileReference; name = "libGTM_UIFont+LineHeight.a"; path = "F.lli Spina/Plugins/phonegap-plugin-push/GCM/Libraries/libGTM_UIFont+LineHeight.a"; sourceTree = "<group>"; fileEncoding = undefined; lastKnownFileType = archive.ar; explicitFileType = undefined; includeInIndex = 0; };
		F5C55C5027E949B581665F51 /* libGTM_core.a */ = {isa = PBXFileReference; name = "libGTM_core.a"; path = "F.lli Spina/Plugins/phonegap-plugin-push/GCM/Libraries/libGTM_core.a"; sourceTree = "<group>"; fileEncoding = undefined; lastKnownFileType = archive.ar; explicitFileType = undefined; includeInIndex = 0; };
		76EF63183DF94DBEB6266790 /* libGTM_iPhone.a */ = {isa = PBXFileReference; name = "libGTM_iPhone.a"; path = "F.lli Spina/Plugins/phonegap-plugin-push/GCM/Libraries/libGTM_iPhone.a"; sourceTree = "<group>"; fileEncoding = undefined; lastKnownFileType = archive.ar; explicitFileType = undefined; includeInIndex = 0; };
		BD5631C9062A4482B4F4894B /* libGcmLib.a */ = {isa = PBXFileReference; name = "libGcmLib.a"; path = "F.lli Spina/Plugins/phonegap-plugin-push/GCM/Libraries/libGcmLib.a"; sourceTree = "<group>"; fileEncoding = undefined; lastKnownFileType = archive.ar; explicitFileType = undefined; includeInIndex = 0; };
		90C8EE8E06FF4EC98BC17A5D /* libProtocolBuffers.a */ = {isa = PBXFileReference; name = "libProtocolBuffers.a"; path = "F.lli Spina/Plugins/phonegap-plugin-push/GCM/Libraries/libProtocolBuffers.a"; sourceTree = "<group>"; fileEncoding = undefined; lastKnownFileType = archive.ar; explicitFileType = undefined; includeInIndex = 0; };
		462FF0C65DD3494D9264DD06 /* AppDelegate+notification.h */ = {isa = PBXFileReference; name = "AppDelegate+notification.h"; path = "phonegap-plugin-push/AppDelegate+notification.h"; sourceTree = "<group>"; fileEncoding = 4; lastKnownFileType = sourcecode.c.h; explicitFileType = undefined; includeInIndex = 0; };
		5CDD21C989E7410C880938BD /* PushPlugin.h */ = {isa = PBXFileReference; name = "PushPlugin.h"; path = "phonegap-plugin-push/PushPlugin.h"; sourceTree = "<group>"; fileEncoding = 4; lastKnownFileType = sourcecode.c.h; explicitFileType = undefined; includeInIndex = 0; };
		7B87C1A008F448C7863ABE78 /* GGLInstanceID.h */ = {isa = PBXFileReference; name = "GGLInstanceID.h"; path = "phonegap-plugin-push/GCM/Headers/GGLInstanceID.h"; sourceTree = "<group>"; fileEncoding = 4; lastKnownFileType = sourcecode.c.h; explicitFileType = undefined; includeInIndex = 0; };
		034D86F5730740E99D983982 /* GGLInstanceIDConfig.h */ = {isa = PBXFileReference; name = "GGLInstanceIDConfig.h"; path = "phonegap-plugin-push/GCM/Headers/GGLInstanceIDConfig.h"; sourceTree = "<group>"; fileEncoding = 4; lastKnownFileType = sourcecode.c.h; explicitFileType = undefined; includeInIndex = 0; };
		9E87ABB82EF1464A91B1FD20 /* GGLInstanceIDDelegate.h */ = {isa = PBXFileReference; name = "GGLInstanceIDDelegate.h"; path = "phonegap-plugin-push/GCM/Headers/GGLInstanceIDDelegate.h"; sourceTree = "<group>"; fileEncoding = 4; lastKnownFileType = sourcecode.c.h; explicitFileType = undefined; includeInIndex = 0; };
		F037848CE9A04083A1243110 /* GGLInstanceIDHeaders.h */ = {isa = PBXFileReference; name = "GGLInstanceIDHeaders.h"; path = "phonegap-plugin-push/GCM/Headers/GGLInstanceIDHeaders.h"; sourceTree = "<group>"; fileEncoding = 4; lastKnownFileType = sourcecode.c.h; explicitFileType = undefined; includeInIndex = 0; };
		846D59B66B1444B39BC427B8 /* CloudMessaging.h */ = {isa = PBXFileReference; name = "CloudMessaging.h"; path = "phonegap-plugin-push/GCM/Headers/CloudMessaging.h"; sourceTree = "<group>"; fileEncoding = 4; lastKnownFileType = sourcecode.c.h; explicitFileType = undefined; includeInIndex = 0; };
		8571BA1A464D4B33BFB2D006 /* GGLContext+CloudMessaging.h */ = {isa = PBXFileReference; name = "GGLContext+CloudMessaging.h"; path = "phonegap-plugin-push/GCM/Headers/GGLContext+CloudMessaging.h"; sourceTree = "<group>"; fileEncoding = 4; lastKnownFileType = sourcecode.c.h; explicitFileType = undefined; includeInIndex = 0; };
		3984C346339E4B4C9F0C5E34 /* Core.h */ = {isa = PBXFileReference; name = "Core.h"; path = "phonegap-plugin-push/GCM/Headers/Core.h"; sourceTree = "<group>"; fileEncoding = 4; lastKnownFileType = sourcecode.c.h; explicitFileType = undefined; includeInIndex = 0; };
		4F60E4AF5B0245D7B6EFFC7B /* GGLConfiguration.h */ = {isa = PBXFileReference; name = "GGLConfiguration.h"; path = "phonegap-plugin-push/GCM/Headers/GGLConfiguration.h"; sourceTree = "<group>"; fileEncoding = 4; lastKnownFileType = sourcecode.c.h; explicitFileType = undefined; includeInIndex = 0; };
		9ED5BCE373DE482D9F004455 /* GGLContext.h */ = {isa = PBXFileReference; name = "GGLContext.h"; path = "phonegap-plugin-push/GCM/Headers/GGLContext.h"; sourceTree = "<group>"; fileEncoding = 4; lastKnownFileType = sourcecode.c.h; explicitFileType = undefined; includeInIndex = 0; };
		85504F07AFB042C88F7703BC /* GGLErrorCode.h */ = {isa = PBXFileReference; name = "GGLErrorCode.h"; path = "phonegap-plugin-push/GCM/Headers/GGLErrorCode.h"; sourceTree = "<group>"; fileEncoding = 4; lastKnownFileType = sourcecode.c.h; explicitFileType = undefined; includeInIndex = 0; };
		178CB18B68A346B9859D7D62 /* GCMConfig.h */ = {isa = PBXFileReference; name = "GCMConfig.h"; path = "phonegap-plugin-push/GCM/Headers/GCMConfig.h"; sourceTree = "<group>"; fileEncoding = 4; lastKnownFileType = sourcecode.c.h; explicitFileType = undefined; includeInIndex = 0; };
		8C1851A1EF8647FA89C60347 /* GCMPubSub.h */ = {isa = PBXFileReference; name = "GCMPubSub.h"; path = "phonegap-plugin-push/GCM/Headers/GCMPubSub.h"; sourceTree = "<group>"; fileEncoding = 4; lastKnownFileType = sourcecode.c.h; explicitFileType = undefined; includeInIndex = 0; };
		2272B1E75F194443BBB6AD2C /* GCMReceiverDelegate.h */ = {isa = PBXFileReference; name = "GCMReceiverDelegate.h"; path = "phonegap-plugin-push/GCM/Headers/GCMReceiverDelegate.h"; sourceTree = "<group>"; fileEncoding = 4; lastKnownFileType = sourcecode.c.h; explicitFileType = undefined; includeInIndex = 0; };
		3709AA1DEF6E4C599BB0500E /* GCMService.h */ = {isa = PBXFileReference; name = "GCMService.h"; path = "phonegap-plugin-push/GCM/Headers/GCMService.h"; sourceTree = "<group>"; fileEncoding = 4; lastKnownFileType = sourcecode.c.h; explicitFileType = undefined; includeInIndex = 0; };
		C4D31A94051440629B542A6E /* GoogleCloudMessaging.h */ = {isa = PBXFileReference; name = "GoogleCloudMessaging.h"; path = "phonegap-plugin-push/GCM/Headers/GoogleCloudMessaging.h"; sourceTree = "<group>"; fileEncoding = 4; lastKnownFileType = sourcecode.c.h; explicitFileType = undefined; includeInIndex = 0; };
		D10863F42EAF4A599F15280A /* AddressBook.framework */ = {isa = PBXFileReference; name = "AddressBook.framework"; path = "System/Library/Frameworks/AddressBook.framework"; sourceTree = SDKROOT; fileEncoding = undefined; lastKnownFileType = wrapper.framework; explicitFileType = undefined; includeInIndex = 0; };
		A84AEC9D2C914CF1902072C6 /* libsqlite3.tbd */ = {isa = PBXFileReference; name = "libsqlite3.tbd"; path = "usr/lib/libsqlite3.tbd"; sourceTree = SDKROOT; fileEncoding = undefined; lastKnownFileType = sourcecode.text-based-dylib-definition; explicitFileType = undefined; includeInIndex = 0; };
		302572FCEDCE43A9B71D5184 /* libz.tbd */ = {isa = PBXFileReference; name = "libz.tbd"; path = "usr/lib/libz.tbd"; sourceTree = SDKROOT; fileEncoding = undefined; lastKnownFileType = sourcecode.text-based-dylib-definition; explicitFileType = undefined; includeInIndex = 0; };
		D49D56FEA82C420493A3202B /* CDVDevice.m */ = {isa = PBXFileReference; name = "CDVDevice.m"; path = "cordova-plugin-device/CDVDevice.m"; sourceTree = "<group>"; fileEncoding = 4; lastKnownFileType = sourcecode.c.objc; explicitFileType = undefined; includeInIndex = 0; };
		0E897CF8D59A4C748D22CF2E /* CDVDevice.h */ = {isa = PBXFileReference; name = "CDVDevice.h"; path = "cordova-plugin-device/CDVDevice.h"; sourceTree = "<group>"; fileEncoding = 4; lastKnownFileType = sourcecode.c.h; explicitFileType = undefined; includeInIndex = 0; };
		62642076395042219328B553 /* CDVNotification.m */ = {isa = PBXFileReference; name = "CDVNotification.m"; path = "cordova-plugin-dialogs/CDVNotification.m"; sourceTree = "<group>"; fileEncoding = 4; lastKnownFileType = sourcecode.c.objc; explicitFileType = undefined; includeInIndex = 0; };
		279330930EDA43B3BB2C192F /* CDVNotification.h */ = {isa = PBXFileReference; name = "CDVNotification.h"; path = "cordova-plugin-dialogs/CDVNotification.h"; sourceTree = "<group>"; fileEncoding = 4; lastKnownFileType = sourcecode.c.h; explicitFileType = undefined; includeInIndex = 0; };
		78E0796465E84A27916D437D /* CDVNotification.bundle */ = {isa = PBXFileReference; name = "CDVNotification.bundle"; path = "CDVNotification.bundle"; sourceTree = "<group>"; fileEncoding = undefined; lastKnownFileType = wrapper.plug-in; explicitFileType = undefined; includeInIndex = 0; };
		2E11F769E42346BEBE971115 /* AudioToolbox.framework */ = {isa = PBXFileReference; name = "AudioToolbox.framework"; path = "System/Library/Frameworks/AudioToolbox.framework"; sourceTree = SDKROOT; fileEncoding = undefined; lastKnownFileType = wrapper.framework; explicitFileType = undefined; includeInIndex = 0; };
		546986B908EA40179FE8685E /* CDVInAppBrowser.m */ = {isa = PBXFileReference; name = "CDVInAppBrowser.m"; path = "cordova-plugin-inappbrowser/CDVInAppBrowser.m"; sourceTree = "<group>"; fileEncoding = 4; lastKnownFileType = sourcecode.c.objc; explicitFileType = undefined; includeInIndex = 0; };
		00AF7A4D084E497CA2271DA6 /* CDVInAppBrowser.h */ = {isa = PBXFileReference; name = "CDVInAppBrowser.h"; path = "cordova-plugin-inappbrowser/CDVInAppBrowser.h"; sourceTree = "<group>"; fileEncoding = 4; lastKnownFileType = sourcecode.c.h; explicitFileType = undefined; includeInIndex = 0; };
		C65B0B8B1774477B8662394F /* CDVConnection.m */ = {isa = PBXFileReference; name = "CDVConnection.m"; path = "cordova-plugin-network-information/CDVConnection.m"; sourceTree = "<group>"; fileEncoding = 4; lastKnownFileType = sourcecode.c.objc; explicitFileType = undefined; includeInIndex = 0; };
		EE3A5102260B4991B27CCFBA /* CDVReachability.m */ = {isa = PBXFileReference; name = "CDVReachability.m"; path = "cordova-plugin-network-information/CDVReachability.m"; sourceTree = "<group>"; fileEncoding = 4; lastKnownFileType = sourcecode.c.objc; explicitFileType = undefined; includeInIndex = 0; };
		83EFA387184840A79A63995E /* CDVConnection.h */ = {isa = PBXFileReference; name = "CDVConnection.h"; path = "cordova-plugin-network-information/CDVConnection.h"; sourceTree = "<group>"; fileEncoding = 4; lastKnownFileType = sourcecode.c.h; explicitFileType = undefined; includeInIndex = 0; };
		DC03EE383B3C47248A12E819 /* CDVReachability.h */ = {isa = PBXFileReference; name = "CDVReachability.h"; path = "cordova-plugin-network-information/CDVReachability.h"; sourceTree = "<group>"; fileEncoding = 4; lastKnownFileType = sourcecode.c.h; explicitFileType = undefined; includeInIndex = 0; };
		B493502976204B6F8D10F76A /* SystemConfiguration.framework */ = {isa = PBXFileReference; name = "SystemConfiguration.framework"; path = "System/Library/Frameworks/SystemConfiguration.framework"; sourceTree = SDKROOT; fileEncoding = undefined; lastKnownFileType = wrapper.framework; explicitFileType = undefined; includeInIndex = 0; };
		1E4393EB86C043A08BE6E0D9 /* CoreTelephony.framework */ = {isa = PBXFileReference; name = "CoreTelephony.framework"; path = "System/Library/Frameworks/CoreTelephony.framework"; sourceTree = SDKROOT; fileEncoding = undefined; lastKnownFileType = wrapper.framework; explicitFileType = undefined; includeInIndex = 0; };
		1ED33E893BC84FF191545CF3 /* CDVStatusBar.m */ = {isa = PBXFileReference; name = "CDVStatusBar.m"; path = "cordova-plugin-statusbar/CDVStatusBar.m"; sourceTree = "<group>"; fileEncoding = 4; lastKnownFileType = sourcecode.c.objc; explicitFileType = undefined; includeInIndex = 0; };
		EA40EDACA3FA47AABA1B2792 /* CDVStatusBar.h */ = {isa = PBXFileReference; name = "CDVStatusBar.h"; path = "cordova-plugin-statusbar/CDVStatusBar.h"; sourceTree = "<group>"; fileEncoding = 4; lastKnownFileType = sourcecode.c.h; explicitFileType = undefined; includeInIndex = 0; };
		CBBD078F8A264F5DB01AD035 /* NSString+SSURLEncoding.m */ = {isa = PBXFileReference; name = "NSString+SSURLEncoding.m"; path = "cordova-plugin-x-socialsharing/NSString+SSURLEncoding.m"; sourceTree = "<group>"; fileEncoding = 4; lastKnownFileType = sourcecode.c.objc; explicitFileType = undefined; includeInIndex = 0; };
		E8A06A38145747B387F12AA1 /* SocialSharing.m */ = {isa = PBXFileReference; name = "SocialSharing.m"; path = "cordova-plugin-x-socialsharing/SocialSharing.m"; sourceTree = "<group>"; fileEncoding = 4; lastKnownFileType = sourcecode.c.objc; explicitFileType = undefined; includeInIndex = 0; };
		DDBC73286A654F35BA2B36D9 /* NSString+SSURLEncoding.h */ = {isa = PBXFileReference; name = "NSString+SSURLEncoding.h"; path = "cordova-plugin-x-socialsharing/NSString+SSURLEncoding.h"; sourceTree = "<group>"; fileEncoding = 4; lastKnownFileType = sourcecode.c.h; explicitFileType = undefined; includeInIndex = 0; };
		2CB9D370D4B146E2B6A9481C /* SocialSharing.h */ = {isa = PBXFileReference; name = "SocialSharing.h"; path = "cordova-plugin-x-socialsharing/SocialSharing.h"; sourceTree = "<group>"; fileEncoding = 4; lastKnownFileType = sourcecode.c.h; explicitFileType = undefined; includeInIndex = 0; };
		C932523C684E43A4A0B80AF2 /* Social.framework */ = {isa = PBXFileReference; name = "Social.framework"; path = "System/Library/Frameworks/Social.framework"; sourceTree = SDKROOT; fileEncoding = undefined; lastKnownFileType = wrapper.framework; explicitFileType = undefined; includeInIndex = 0; };
		527B6CD967084CB89A9CF05A /* MessageUI.framework */ = {isa = PBXFileReference; name = "MessageUI.framework"; path = "System/Library/Frameworks/MessageUI.framework"; sourceTree = SDKROOT; fileEncoding = undefined; lastKnownFileType = wrapper.framework; explicitFileType = undefined; includeInIndex = 0; };
/* End PBXFileReference section */

/* Begin PBXFrameworksBuildPhase section */
		1D60588F0D05DD3D006BFB54 /* Frameworks */ = {
			isa = PBXFrameworksBuildPhase;
			buildActionMask = 2147483647;
			files = (
				301BF552109A68D80062928A /* libCordova.a in Frameworks */,
				8A0B4F3CBC6D4197AD823B8B /* libGGLCloudMessaging.a in Frameworks */,
				026CE118E78748448F112F8F /* libGGLCore.a in Frameworks */,
				BC3ACB84B4624787B06FECF7 /* libGGLInstanceIDLib.a in Frameworks */,
				4B7052F4D0174F428B482147 /* libGIP_Reachability.a in Frameworks */,
				97F9E59A503046EDBF477FAB /* libGSDK_Overload.a in Frameworks */,
				32B7E91B6C8B495095390135 /* libGTMSessionFetcher_core.a in Frameworks */,
				033888AE5C944DF2A5063180 /* libGTMSessionFetcher_full.a in Frameworks */,
				C78CBD80A9804AB8B6A3D903 /* libGTMStackTrace.a in Frameworks */,
				28EE491CC67B48FC985664DF /* libGTM_AddressBook.a in Frameworks */,
				481AE4E6EB5F4A248BC645FE /* libGTM_DebugUtils.a in Frameworks */,
				78CD78C76CBB46578E070D69 /* libGTM_GTMURLBuilder.a in Frameworks */,
				9E9330158A4F4380BD628AE4 /* libGTM_KVO.a in Frameworks */,
				27891E563CB443A39FDA882A /* libGTM_NSData+zlib.a in Frameworks */,
				8EC456AD9DE64711B7B162DA /* libGTM_NSDictionary+URLArguments.a in Frameworks */,
				512C7562C2D645BC8CCCC347 /* libGTM_NSScannerJSON.a in Frameworks */,
				C80C0638784E4D1DB32AF9F5 /* libGTM_NSStringHTML.a in Frameworks */,
				686C330A30AD4AD4B61B48AC /* libGTM_NSStringXML.a in Frameworks */,
				9ECE83C9D5B8495EAE9EAD60 /* libGTM_Regex.a in Frameworks */,
				B4AE3AEA3E654A189EE1D90B /* libGTM_RoundedRectPath.a in Frameworks */,
				2AC143032C9F4F999A1A1812 /* libGTM_StringEncoding.a in Frameworks */,
				C3CAF4D9E16B439EAF74E270 /* libGTM_SystemVersion.a in Frameworks */,
				8427A52D46C54E3AA476EEE2 /* libGTM_UIFont+LineHeight.a in Frameworks */,
				7FADFFDD378A417A8C39DA7F /* libGTM_core.a in Frameworks */,
				C32E9594FE0249E7B55FEC18 /* libGTM_iPhone.a in Frameworks */,
				168CC1CF71C24401BFD3CB64 /* libGcmLib.a in Frameworks */,
				381516B3CF3042889E5AF960 /* libProtocolBuffers.a in Frameworks */,
				C17F7C6016A74A6D9DCFB69E /* AddressBook.framework in Frameworks */,
				79132BE2B3C646F4B7A8ED82 /* libsqlite3.tbd in Frameworks */,
				45E104BB3AED4C909A49E92B /* libz.tbd in Frameworks */,
				A5DE547401B24F769B07A6FF /* AudioToolbox.framework in Frameworks */,
				D76DAE0C798D486686A74E3C /* SystemConfiguration.framework in Frameworks */,
				0A103220CF5E463BAEAECB21 /* CoreTelephony.framework in Frameworks */,
				14FFAA505040411B8A25B6BC /* Social.framework in Frameworks */,
				35DD59F9F80E428EBA27B99A /* MessageUI.framework in Frameworks */,
			);
			runOnlyForDeploymentPostprocessing = 0;
		};
/* End PBXFrameworksBuildPhase section */

/* Begin PBXGroup section */
		080E96DDFE201D6D7F000001 /* Classes */ = {
			isa = PBXGroup;
			children = (
				302D95EE14D2391D003F00A1 /* MainViewController.h */,
				302D95EF14D2391D003F00A1 /* MainViewController.m */,
				302D95F014D2391D003F00A1 /* MainViewController.xib */,
				1D3623240D0F684500981E51 /* AppDelegate.h */,
				1D3623250D0F684500981E51 /* AppDelegate.m */,
			);
			name = Classes;
			path = "F.lli Spina/Classes";
			sourceTree = SOURCE_ROOT;
		};
		19C28FACFE9D520D11CA2CBB /* Products */ = {
			isa = PBXGroup;
			children = (
				1D6058910D05DD3D006BFB54 /* F.lli Spina.app */,
			);
			name = Products;
			sourceTree = "<group>";
		};
		29B97314FDCFA39411CA2CEA /* CustomTemplate */ = {
			isa = PBXGroup;
			children = (
				EB87FDF41871DAF40020F90C /* config.xml */,
				EB87FDF31871DA8E0020F90C /* www */,
				EB87FDF11871DA420020F90C /* Staging */,
				301BF52D109A57CC0062928A /* CordovaLib.xcodeproj */,
				080E96DDFE201D6D7F000001 /* Classes */,
				307C750510C5A3420062BCA9 /* Plugins */,
				29B97315FDCFA39411CA2CEA /* Other Sources */,
				29B97317FDCFA39411CA2CEA /* Resources */,
				29B97323FDCFA39411CA2CEA /* Frameworks */,
				19C28FACFE9D520D11CA2CBB /* Products */,
			);
			name = CustomTemplate;
			sourceTree = "<group>";
		};
		29B97315FDCFA39411CA2CEA /* Other Sources */ = {
			isa = PBXGroup;
			children = (
				32CA4F630368D1EE00C91783 /* F.lli Spina-Prefix.pch */,
				29B97316FDCFA39411CA2CEA /* main.m */,
				ED33DF2A687741AEAF9F8254 /* Bridging-Header.h */,
			);
			name = "Other Sources";
			path = "F.lli Spina";
			sourceTree = "<group>";
		};
		29B97317FDCFA39411CA2CEA /* Resources */ = {
			isa = PBXGroup;
			children = (
				0207DA571B56EA530066E2B4 /* Images.xcassets */,
				3047A50E1AB8057F00498E2A /* config */,
				8D1107310486CEB800E47090 /* F.lli Spina-Info.plist */,
				6AFF5BF81D6E424B00AB3073 /* CDVLaunchScreen.storyboard */,
				78E0796465E84A27916D437D /* CDVNotification.bundle */,
			);
			name = Resources;
			path = "F.lli Spina/Resources";
			sourceTree = "<group>";
		};
		29B97323FDCFA39411CA2CEA /* Frameworks */ = {
			isa = PBXGroup;
			children = (
				6A4A22D060BC4619B7C9D814 /* libGGLCloudMessaging.a */,
				AE2FA4C414C44955BE8C614D /* libGGLCore.a */,
				6FF8A9015D08404096839756 /* libGGLInstanceIDLib.a */,
				C0D5E9F8B04D4145B61E1985 /* libGIP_Reachability.a */,
				3ED69B7A56E84BA7A4B75F7E /* libGSDK_Overload.a */,
				2C2F09EC907B40F194910193 /* libGTMSessionFetcher_core.a */,
				FE31BEFF026C40CC9D9E4738 /* libGTMSessionFetcher_full.a */,
				65CE62CF5C3D430588774446 /* libGTMStackTrace.a */,
				86DF3DE1505F47D5B4F1CA2C /* libGTM_AddressBook.a */,
				67FD0AE7272F4C83B89038D0 /* libGTM_DebugUtils.a */,
				5C3476BE3C8940A383FDBD23 /* libGTM_GTMURLBuilder.a */,
				02BB435935384F44807E7AED /* libGTM_KVO.a */,
				05B8E299C37B4534B0535F75 /* libGTM_NSData+zlib.a */,
				EECEAAB633E140DA9D0992DF /* libGTM_NSDictionary+URLArguments.a */,
				2FBD75A3565E4F29AEF7D3B7 /* libGTM_NSScannerJSON.a */,
				CB911F13A08345518D64D881 /* libGTM_NSStringHTML.a */,
				EE690B59535C4A19823BD3C3 /* libGTM_NSStringXML.a */,
				7D6D5A782F914E86B267BD75 /* libGTM_Regex.a */,
				B499C462AC7F492A971348EA /* libGTM_RoundedRectPath.a */,
				08509DFEC1DD4724A9F5D8C3 /* libGTM_StringEncoding.a */,
				6CC05C8C567E4E0F917EC1F3 /* libGTM_SystemVersion.a */,
				017162D815D04EF8B17BA728 /* libGTM_UIFont+LineHeight.a */,
				F5C55C5027E949B581665F51 /* libGTM_core.a */,
				76EF63183DF94DBEB6266790 /* libGTM_iPhone.a */,
				BD5631C9062A4482B4F4894B /* libGcmLib.a */,
				90C8EE8E06FF4EC98BC17A5D /* libProtocolBuffers.a */,
				D10863F42EAF4A599F15280A /* AddressBook.framework */,
				A84AEC9D2C914CF1902072C6 /* libsqlite3.tbd */,
				302572FCEDCE43A9B71D5184 /* libz.tbd */,
				2E11F769E42346BEBE971115 /* AudioToolbox.framework */,
				B493502976204B6F8D10F76A /* SystemConfiguration.framework */,
				1E4393EB86C043A08BE6E0D9 /* CoreTelephony.framework */,
				C932523C684E43A4A0B80AF2 /* Social.framework */,
				527B6CD967084CB89A9CF05A /* MessageUI.framework */,
			);
			name = Frameworks;
			sourceTree = "<group>";
		};
		301BF52E109A57CC0062928A /* Products */ = {
			isa = PBXGroup;
			children = (
				301BF535109A57CC0062928A /* libCordova.a */,
			);
			name = Products;
			sourceTree = "<group>";
		};
		3047A50E1AB8057F00498E2A /* config */ = {
			isa = PBXGroup;
			children = (
				3047A50F1AB8059700498E2A /* build-debug.xcconfig */,
				3047A5101AB8059700498E2A /* build-release.xcconfig */,
				3047A5111AB8059700498E2A /* build.xcconfig */,
			);
			name = config;
			sourceTree = "<group>";
		};
		307C750510C5A3420062BCA9 /* Plugins */ = {
			isa = PBXGroup;
			children = (
				99E619A1D9D14FB2B8940777 /* AppDelegate+notification.m */,
				0228ED87790D40A08E73636E /* PushPlugin.m */,
				462FF0C65DD3494D9264DD06 /* AppDelegate+notification.h */,
				5CDD21C989E7410C880938BD /* PushPlugin.h */,
				7B87C1A008F448C7863ABE78 /* GGLInstanceID.h */,
				034D86F5730740E99D983982 /* GGLInstanceIDConfig.h */,
				9E87ABB82EF1464A91B1FD20 /* GGLInstanceIDDelegate.h */,
				F037848CE9A04083A1243110 /* GGLInstanceIDHeaders.h */,
				846D59B66B1444B39BC427B8 /* CloudMessaging.h */,
				8571BA1A464D4B33BFB2D006 /* GGLContext+CloudMessaging.h */,
				3984C346339E4B4C9F0C5E34 /* Core.h */,
				4F60E4AF5B0245D7B6EFFC7B /* GGLConfiguration.h */,
				9ED5BCE373DE482D9F004455 /* GGLContext.h */,
				85504F07AFB042C88F7703BC /* GGLErrorCode.h */,
				178CB18B68A346B9859D7D62 /* GCMConfig.h */,
				8C1851A1EF8647FA89C60347 /* GCMPubSub.h */,
				2272B1E75F194443BBB6AD2C /* GCMReceiverDelegate.h */,
				3709AA1DEF6E4C599BB0500E /* GCMService.h */,
				C4D31A94051440629B542A6E /* GoogleCloudMessaging.h */,
				D49D56FEA82C420493A3202B /* CDVDevice.m */,
				0E897CF8D59A4C748D22CF2E /* CDVDevice.h */,
				62642076395042219328B553 /* CDVNotification.m */,
				279330930EDA43B3BB2C192F /* CDVNotification.h */,
				546986B908EA40179FE8685E /* CDVInAppBrowser.m */,
				00AF7A4D084E497CA2271DA6 /* CDVInAppBrowser.h */,
				C65B0B8B1774477B8662394F /* CDVConnection.m */,
				EE3A5102260B4991B27CCFBA /* CDVReachability.m */,
				83EFA387184840A79A63995E /* CDVConnection.h */,
				DC03EE383B3C47248A12E819 /* CDVReachability.h */,
				1ED33E893BC84FF191545CF3 /* CDVStatusBar.m */,
				EA40EDACA3FA47AABA1B2792 /* CDVStatusBar.h */,
				CBBD078F8A264F5DB01AD035 /* NSString+SSURLEncoding.m */,
				E8A06A38145747B387F12AA1 /* SocialSharing.m */,
				DDBC73286A654F35BA2B36D9 /* NSString+SSURLEncoding.h */,
				2CB9D370D4B146E2B6A9481C /* SocialSharing.h */,
			);
			name = Plugins;
			path = "F.lli Spina/Plugins";
			sourceTree = SOURCE_ROOT;
		};
		EB87FDF11871DA420020F90C /* Staging */ = {
			isa = PBXGroup;
			children = (
				F840E1F0165FE0F500CFE078 /* config.xml */,
				301BF56E109A69640062928A /* www */,
			);
			name = Staging;
			sourceTree = "<group>";
		};
/* End PBXGroup section */

/* Begin PBXNativeTarget section */
		1D6058900D05DD3D006BFB54 /* F.lli Spina */ = {
			isa = PBXNativeTarget;
			buildConfigurationList = 1D6058960D05DD3E006BFB54 /* Build configuration list for PBXNativeTarget "F.lli Spina" */;
			buildPhases = (
				304B58A110DAC018002A0835 /* Copy www directory */,
				1D60588D0D05DD3D006BFB54 /* Resources */,
				1D60588E0D05DD3D006BFB54 /* Sources */,
				1D60588F0D05DD3D006BFB54 /* Frameworks */,
			);
			buildRules = (
			);
			dependencies = (
				301BF551109A68C00062928A /* PBXTargetDependency */,
			);
			name = "F.lli Spina";
			productName = "F.lli Spina";
			productReference = 1D6058910D05DD3D006BFB54 /* F.lli Spina.app */;
			productType = "com.apple.product-type.application";
		};
/* End PBXNativeTarget section */

/* Begin PBXProject section */
		29B97313FDCFA39411CA2CEA /* Project object */ = {
			isa = PBXProject;
			attributes = {
				LastUpgradeCheck = 510;
			};
			buildConfigurationList = C01FCF4E08A954540054247B /* Build configuration list for PBXProject "__NON-CLI__" */;
			compatibilityVersion = "Xcode 3.2";
			developmentRegion = English;
			hasScannedForEncodings = 1;
			mainGroup = 29B97314FDCFA39411CA2CEA /* CustomTemplate */;
			projectDirPath = "";
			projectReferences = (
				{
					ProductGroup = 301BF52E109A57CC0062928A /* Products */;
					ProjectRef = 301BF52D109A57CC0062928A /* CordovaLib.xcodeproj */;
				},
			);
			projectRoot = "";
			targets = (
				1D6058900D05DD3D006BFB54 /* F.lli Spina */,
			);
		};
/* End PBXProject section */

/* Begin PBXReferenceProxy section */
		301BF535109A57CC0062928A /* libCordova.a */ = {
			isa = PBXReferenceProxy;
			fileType = archive.ar;
			path = libCordova.a;
			remoteRef = 301BF534109A57CC0062928A /* PBXContainerItemProxy */;
			sourceTree = BUILT_PRODUCTS_DIR;
		};
/* End PBXReferenceProxy section */

/* Begin PBXResourcesBuildPhase section */
		1D60588D0D05DD3D006BFB54 /* Resources */ = {
			isa = PBXResourcesBuildPhase;
			buildActionMask = 2147483647;
			files = (
				302D95F214D2391D003F00A1 /* MainViewController.xib in Resources */,
				0207DA581B56EA530066E2B4 /* Images.xcassets in Resources */,
				6AFF5BF91D6E424B00AB3073 /* CDVLaunchScreen.storyboard in Resources */,
				C44493D7295B483F895023A9 /* CDVNotification.bundle in Resources */,
			);
			runOnlyForDeploymentPostprocessing = 0;
		};
/* End PBXResourcesBuildPhase section */

/* Begin PBXShellScriptBuildPhase section */
		304B58A110DAC018002A0835 /* Copy www directory */ = {
			isa = PBXShellScriptBuildPhase;
			buildActionMask = 2147483647;
			files = (
			);
			inputPaths = (
			);
			name = "Copy www directory";
			outputPaths = (
			);
			runOnlyForDeploymentPostprocessing = 0;
			shellPath = /bin/sh;
			shellScript = "NODEJS_PATH=/usr/local/bin; NVM_NODE_PATH=~/.nvm/versions/node/`nvm version 2>/dev/null`/bin; N_NODE_PATH=`find /usr/local/n/versions/node/* -maxdepth 0 -type d 2>/dev/null | tail -1`/bin; XCODE_NODE_PATH=`xcode-select --print-path`/usr/share/xcs/Node/bin; PATH=$NODEJS_PATH:$NVM_NODE_PATH:$N_NODE_PATH:$XCODE_NODE_PATH:$PATH && node cordova/lib/copy-www-build-step.js";
			showEnvVarsInLog = 0;
		};
/* End PBXShellScriptBuildPhase section */

/* Begin PBXSourcesBuildPhase section */
		1D60588E0D05DD3D006BFB54 /* Sources */ = {
			isa = PBXSourcesBuildPhase;
			buildActionMask = 2147483647;
			files = (
				1D60589B0D05DD56006BFB54 /* main.m in Sources */,
				1D3623260D0F684500981E51 /* AppDelegate.m in Sources */,
				302D95F114D2391D003F00A1 /* MainViewController.m in Sources */,
				097CEFEBB4B04749919A7035 /* AppDelegate+notification.m in Sources */,
				7A61E59065374A569BBD72BF /* PushPlugin.m in Sources */,
				7DBE521F6A0E42D292670BC5 /* CDVDevice.m in Sources */,
				61162BCC3FFC440292C22504 /* CDVNotification.m in Sources */,
				6CF504F05EEA4F21BE0CBE1E /* CDVInAppBrowser.m in Sources */,
				8F27EF735B4049A299E3423D /* CDVConnection.m in Sources */,
				1EEDA11FA62747008DE77DEF /* CDVReachability.m in Sources */,
				CE428D20C2484D349A0C312E /* CDVStatusBar.m in Sources */,
				1424E09FD34A4FA9B3781417 /* NSString+SSURLEncoding.m in Sources */,
				2E09522F0A6A4DB4A6B707D5 /* SocialSharing.m in Sources */,
			);
			runOnlyForDeploymentPostprocessing = 0;
		};
/* End PBXSourcesBuildPhase section */

/* Begin PBXTargetDependency section */
		301BF551109A68C00062928A /* PBXTargetDependency */ = {
			isa = PBXTargetDependency;
			name = CordovaLib;
			targetProxy = 301BF550109A68C00062928A /* PBXContainerItemProxy */;
		};
/* End PBXTargetDependency section */

/* Begin XCBuildConfiguration section */
		1D6058940D05DD3E006BFB54 /* Debug */ = {
			isa = XCBuildConfiguration;
			baseConfigurationReference = 3047A50F1AB8059700498E2A /* build-debug.xcconfig */;
			buildSettings = {
				ALWAYS_SEARCH_USER_PATHS = NO;
				ASSETCATALOG_COMPILER_APPICON_NAME = AppIcon;
				ASSETCATALOG_COMPILER_LAUNCHIMAGE_NAME = LaunchImage;
				CLANG_ENABLE_MODULES = YES;
				CLANG_ENABLE_OBJC_ARC = YES;
				COPY_PHASE_STRIP = NO;
				GCC_DYNAMIC_NO_PIC = NO;
				GCC_OPTIMIZATION_LEVEL = 0;
				GCC_PRECOMPILE_PREFIX_HEADER = YES;
				GCC_PREFIX_HEADER = "F.lli Spina/F.lli Spina-Prefix.pch";
				GCC_THUMB_SUPPORT = NO;
				GCC_VERSION = "";
				INFOPLIST_FILE = "F.lli Spina/F.lli Spina-Info.plist";
				IPHONEOS_DEPLOYMENT_TARGET = 8.0;
				LD_RUNPATH_SEARCH_PATHS = "@executable_path/Frameworks";
				TARGETED_DEVICE_FAMILY = "1,2";
				PRODUCT_NAME = "F.lli Spina";
				LIBRARY_SEARCH_PATHS = (
					"$(inherited)",
					"\"$(SRCROOT)/F.lli Spina/Plugins/phonegap-plugin-push/GCM/Libraries\"",
					"\"$(SRCROOT)/F.lli Spina/Plugins/phonegap-plugin-push/GCM/Libraries\"",
					"\"$(SRCROOT)/F.lli Spina/Plugins/phonegap-plugin-push/GCM/Libraries\"",
					"\"$(SRCROOT)/F.lli Spina/Plugins/phonegap-plugin-push/GCM/Libraries\"",
					"\"$(SRCROOT)/F.lli Spina/Plugins/phonegap-plugin-push/GCM/Libraries\"",
					"\"$(SRCROOT)/F.lli Spina/Plugins/phonegap-plugin-push/GCM/Libraries\"",
					"\"$(SRCROOT)/F.lli Spina/Plugins/phonegap-plugin-push/GCM/Libraries\"",
					"\"$(SRCROOT)/F.lli Spina/Plugins/phonegap-plugin-push/GCM/Libraries\"",
					"\"$(SRCROOT)/F.lli Spina/Plugins/phonegap-plugin-push/GCM/Libraries\"",
					"\"$(SRCROOT)/F.lli Spina/Plugins/phonegap-plugin-push/GCM/Libraries\"",
					"\"$(SRCROOT)/F.lli Spina/Plugins/phonegap-plugin-push/GCM/Libraries\"",
					"\"$(SRCROOT)/F.lli Spina/Plugins/phonegap-plugin-push/GCM/Libraries\"",
					"\"$(SRCROOT)/F.lli Spina/Plugins/phonegap-plugin-push/GCM/Libraries\"",
					"\"$(SRCROOT)/F.lli Spina/Plugins/phonegap-plugin-push/GCM/Libraries\"",
					"\"$(SRCROOT)/F.lli Spina/Plugins/phonegap-plugin-push/GCM/Libraries\"",
					"\"$(SRCROOT)/F.lli Spina/Plugins/phonegap-plugin-push/GCM/Libraries\"",
					"\"$(SRCROOT)/F.lli Spina/Plugins/phonegap-plugin-push/GCM/Libraries\"",
					"\"$(SRCROOT)/F.lli Spina/Plugins/phonegap-plugin-push/GCM/Libraries\"",
					"\"$(SRCROOT)/F.lli Spina/Plugins/phonegap-plugin-push/GCM/Libraries\"",
					"\"$(SRCROOT)/F.lli Spina/Plugins/phonegap-plugin-push/GCM/Libraries\"",
					"\"$(SRCROOT)/F.lli Spina/Plugins/phonegap-plugin-push/GCM/Libraries\"",
					"\"$(SRCROOT)/F.lli Spina/Plugins/phonegap-plugin-push/GCM/Libraries\"",
					"\"$(SRCROOT)/F.lli Spina/Plugins/phonegap-plugin-push/GCM/Libraries\"",
					"\"$(SRCROOT)/F.lli Spina/Plugins/phonegap-plugin-push/GCM/Libraries\"",
					"\"$(SRCROOT)/F.lli Spina/Plugins/phonegap-plugin-push/GCM/Libraries\"",
					"\"$(SRCROOT)/F.lli Spina/Plugins/phonegap-plugin-push/GCM/Libraries\"",
				);
			};
			name = Debug;
		};
		1D6058950D05DD3E006BFB54 /* Release */ = {
			isa = XCBuildConfiguration;
			baseConfigurationReference = 3047A5101AB8059700498E2A /* build-release.xcconfig */;
			buildSettings = {
				ALWAYS_SEARCH_USER_PATHS = NO;
				ASSETCATALOG_COMPILER_APPICON_NAME = AppIcon;
				ASSETCATALOG_COMPILER_LAUNCHIMAGE_NAME = LaunchImage;
				CLANG_ENABLE_MODULES = YES;
				CLANG_ENABLE_OBJC_ARC = YES;
				COPY_PHASE_STRIP = YES;
				GCC_PRECOMPILE_PREFIX_HEADER = YES;
				GCC_PREFIX_HEADER = "F.lli Spina/F.lli Spina-Prefix.pch";
				GCC_THUMB_SUPPORT = NO;
				GCC_VERSION = "";
				INFOPLIST_FILE = "F.lli Spina/F.lli Spina-Info.plist";
				IPHONEOS_DEPLOYMENT_TARGET = 8.0;
				LD_RUNPATH_SEARCH_PATHS = "@executable_path/Frameworks";
				TARGETED_DEVICE_FAMILY = "1,2";
				PRODUCT_NAME = "F.lli Spina";
				LIBRARY_SEARCH_PATHS = (
					"$(inherited)",
					"\"$(SRCROOT)/F.lli Spina/Plugins/phonegap-plugin-push/GCM/Libraries\"",
					"\"$(SRCROOT)/F.lli Spina/Plugins/phonegap-plugin-push/GCM/Libraries\"",
					"\"$(SRCROOT)/F.lli Spina/Plugins/phonegap-plugin-push/GCM/Libraries\"",
					"\"$(SRCROOT)/F.lli Spina/Plugins/phonegap-plugin-push/GCM/Libraries\"",
					"\"$(SRCROOT)/F.lli Spina/Plugins/phonegap-plugin-push/GCM/Libraries\"",
					"\"$(SRCROOT)/F.lli Spina/Plugins/phonegap-plugin-push/GCM/Libraries\"",
					"\"$(SRCROOT)/F.lli Spina/Plugins/phonegap-plugin-push/GCM/Libraries\"",
					"\"$(SRCROOT)/F.lli Spina/Plugins/phonegap-plugin-push/GCM/Libraries\"",
					"\"$(SRCROOT)/F.lli Spina/Plugins/phonegap-plugin-push/GCM/Libraries\"",
					"\"$(SRCROOT)/F.lli Spina/Plugins/phonegap-plugin-push/GCM/Libraries\"",
					"\"$(SRCROOT)/F.lli Spina/Plugins/phonegap-plugin-push/GCM/Libraries\"",
					"\"$(SRCROOT)/F.lli Spina/Plugins/phonegap-plugin-push/GCM/Libraries\"",
					"\"$(SRCROOT)/F.lli Spina/Plugins/phonegap-plugin-push/GCM/Libraries\"",
					"\"$(SRCROOT)/F.lli Spina/Plugins/phonegap-plugin-push/GCM/Libraries\"",
					"\"$(SRCROOT)/F.lli Spina/Plugins/phonegap-plugin-push/GCM/Libraries\"",
					"\"$(SRCROOT)/F.lli Spina/Plugins/phonegap-plugin-push/GCM/Libraries\"",
					"\"$(SRCROOT)/F.lli Spina/Plugins/phonegap-plugin-push/GCM/Libraries\"",
					"\"$(SRCROOT)/F.lli Spina/Plugins/phonegap-plugin-push/GCM/Libraries\"",
					"\"$(SRCROOT)/F.lli Spina/Plugins/phonegap-plugin-push/GCM/Libraries\"",
					"\"$(SRCROOT)/F.lli Spina/Plugins/phonegap-plugin-push/GCM/Libraries\"",
					"\"$(SRCROOT)/F.lli Spina/Plugins/phonegap-plugin-push/GCM/Libraries\"",
					"\"$(SRCROOT)/F.lli Spina/Plugins/phonegap-plugin-push/GCM/Libraries\"",
					"\"$(SRCROOT)/F.lli Spina/Plugins/phonegap-plugin-push/GCM/Libraries\"",
					"\"$(SRCROOT)/F.lli Spina/Plugins/phonegap-plugin-push/GCM/Libraries\"",
					"\"$(SRCROOT)/F.lli Spina/Plugins/phonegap-plugin-push/GCM/Libraries\"",
					"\"$(SRCROOT)/F.lli Spina/Plugins/phonegap-plugin-push/GCM/Libraries\"",
				);
			};
			name = Release;
		};
		C01FCF4F08A954540054247B /* Debug */ = {
			isa = XCBuildConfiguration;
			baseConfigurationReference = 3047A5111AB8059700498E2A /* build.xcconfig */;
			buildSettings = {
				CLANG_ENABLE_MODULES = YES;
				CLANG_ENABLE_OBJC_ARC = YES;
				CLANG_WARN_BOOL_CONVERSION = YES;
				CLANG_WARN_CONSTANT_CONVERSION = YES;
				CLANG_WARN_EMPTY_BODY = YES;
				CLANG_WARN_ENUM_CONVERSION = YES;
				CLANG_WARN_INT_CONVERSION = YES;
				CLANG_WARN__DUPLICATE_METHOD_MATCH = YES;
				GCC_C_LANGUAGE_STANDARD = c99;
				GCC_THUMB_SUPPORT = NO;
				GCC_VERSION = "";
				GCC_WARN_ABOUT_RETURN_TYPE = YES;
				GCC_WARN_UNDECLARED_SELECTOR = YES;
				GCC_WARN_UNINITIALIZED_AUTOS = YES;
				GCC_WARN_UNUSED_FUNCTION = YES;
				GCC_WARN_UNUSED_VARIABLE = YES;
				ONLY_ACTIVE_ARCH = YES;
				SDKROOT = iphoneos;
				SKIP_INSTALL = NO;
				TARGETED_DEVICE_FAMILY = "1,2";
				ASSETCATALOG_COMPILER_LAUNCHIMAGE_NAME = LaunchImage;
			};
			name = Debug;
		};
		C01FCF5008A954540054247B /* Release */ = {
			isa = XCBuildConfiguration;
			baseConfigurationReference = 3047A5111AB8059700498E2A /* build.xcconfig */;
			buildSettings = {
				CLANG_ENABLE_MODULES = YES;
				CLANG_ENABLE_OBJC_ARC = YES;
				CLANG_WARN_BOOL_CONVERSION = YES;
				CLANG_WARN_CONSTANT_CONVERSION = YES;
				CLANG_WARN_EMPTY_BODY = YES;
				CLANG_WARN_ENUM_CONVERSION = YES;
				CLANG_WARN_INT_CONVERSION = YES;
				CLANG_WARN__DUPLICATE_METHOD_MATCH = YES;
				GCC_C_LANGUAGE_STANDARD = c99;
				GCC_THUMB_SUPPORT = NO;
				GCC_VERSION = "";
				GCC_WARN_ABOUT_RETURN_TYPE = YES;
				GCC_WARN_UNDECLARED_SELECTOR = YES;
				GCC_WARN_UNINITIALIZED_AUTOS = YES;
				GCC_WARN_UNUSED_FUNCTION = YES;
				GCC_WARN_UNUSED_VARIABLE = YES;
				SDKROOT = iphoneos;
				SKIP_INSTALL = NO;
				TARGETED_DEVICE_FAMILY = "1,2";
				ASSETCATALOG_COMPILER_LAUNCHIMAGE_NAME = LaunchImage;
			};
			name = Release;
		};
/* End XCBuildConfiguration section */

/* Begin XCConfigurationList section */
		1D6058960D05DD3E006BFB54 /* Build configuration list for PBXNativeTarget "F.lli Spina" */ = {
			isa = XCConfigurationList;
			buildConfigurations = (
				1D6058940D05DD3E006BFB54 /* Debug */,
				1D6058950D05DD3E006BFB54 /* Release */,
			);
			defaultConfigurationIsVisible = 0;
			defaultConfigurationName = Release;
		};
		C01FCF4E08A954540054247B /* Build configuration list for PBXProject "__NON-CLI__" */ = {
			isa = XCConfigurationList;
			buildConfigurations = (
				C01FCF4F08A954540054247B /* Debug */,
				C01FCF5008A954540054247B /* Release */,
			);
			defaultConfigurationIsVisible = 0;
			defaultConfigurationName = Release;
		};
/* End XCConfigurationList section */
	};
	rootObject = 29B97313FDCFA39411CA2CEA /* Project object */;
}
